// !$*UTF8*$!
{
	archiveVersion = 1;
	classes = {
	};
	objectVersion = 46;
	objects = {

/* Begin PBXBuildFile section */
		137DA63F1E6AE9D700CCEB17 /* main.m in Sources */ = {isa = PBXBuildFile; fileRef = 137DA63E1E6AE9D700CCEB17 /* main.m */; };
		137DA6421E6AE9D700CCEB17 /* AppDelegate.m in Sources */ = {isa = PBXBuildFile; fileRef = 137DA6411E6AE9D700CCEB17 /* AppDelegate.m */; };
		137DA64A1E6AE9D700CCEB17 /* Assets.xcassets in Resources */ = {isa = PBXBuildFile; fileRef = 137DA6491E6AE9D700CCEB17 /* Assets.xcassets */; };
		137DA64D1E6AE9D700CCEB17 /* LaunchScreen.storyboard in Resources */ = {isa = PBXBuildFile; fileRef = 137DA64B1E6AE9D700CCEB17 /* LaunchScreen.storyboard */; };
		137DA65C1E6AEA2E00CCEB17 /* RootViewController.m in Sources */ = {isa = PBXBuildFile; fileRef = 137DA65A1E6AEA2E00CCEB17 /* RootViewController.m */; };
		137DA65D1E6AEA2E00CCEB17 /* RootViewController.xib in Resources */ = {isa = PBXBuildFile; fileRef = 137DA65B1E6AEA2E00CCEB17 /* RootViewController.xib */; };
		137DA6611E6AF24100CCEB17 /* ExchangeIMPViewController.m in Sources */ = {isa = PBXBuildFile; fileRef = 137DA65F1E6AF24100CCEB17 /* ExchangeIMPViewController.m */; };
		137DA6621E6AF24100CCEB17 /* ExchangeIMPViewController.xib in Resources */ = {isa = PBXBuildFile; fileRef = 137DA6601E6AF24100CCEB17 /* ExchangeIMPViewController.xib */; };
		137DA66A1E6AFE0500CCEB17 /* UIView+Associated.m in Sources */ = {isa = PBXBuildFile; fileRef = 137DA6691E6AFE0500CCEB17 /* UIView+Associated.m */; };
		137DA66E1E6B0CF300CCEB17 /* AssociatedViewController.m in Sources */ = {isa = PBXBuildFile; fileRef = 137DA66C1E6B0CF300CCEB17 /* AssociatedViewController.m */; };
		137DA66F1E6B0CF300CCEB17 /* AssociatedViewController.xib in Resources */ = {isa = PBXBuildFile; fileRef = 137DA66D1E6B0CF300CCEB17 /* AssociatedViewController.xib */; };
/* End PBXBuildFile section */

/* Begin PBXFileReference section */
		137DA63A1E6AE9D700CCEB17 /* RunTimeDemo.app */ = {isa = PBXFileReference; explicitFileType = wrapper.application; includeInIndex = 0; path = RunTimeDemo.app; sourceTree = BUILT_PRODUCTS_DIR; };
		137DA63E1E6AE9D700CCEB17 /* main.m */ = {isa = PBXFileReference; lastKnownFileType = sourcecode.c.objc; path = main.m; sourceTree = "<group>"; };
		137DA6401E6AE9D700CCEB17 /* AppDelegate.h */ = {isa = PBXFileReference; lastKnownFileType = sourcecode.c.h; path = AppDelegate.h; sourceTree = "<group>"; };
		137DA6411E6AE9D700CCEB17 /* AppDelegate.m */ = {isa = PBXFileReference; lastKnownFileType = sourcecode.c.objc; path = AppDelegate.m; sourceTree = "<group>"; };
		137DA6491E6AE9D700CCEB17 /* Assets.xcassets */ = {isa = PBXFileReference; lastKnownFileType = folder.assetcatalog; path = Assets.xcassets; sourceTree = "<group>"; };
		137DA64C1E6AE9D700CCEB17 /* Base */ = {isa = PBXFileReference; lastKnownFileType = file.storyboard; name = Base; path = Base.lproj/LaunchScreen.storyboard; sourceTree = "<group>"; };
		137DA64E1E6AE9D700CCEB17 /* Info.plist */ = {isa = PBXFileReference; lastKnownFileType = text.plist.xml; path = Info.plist; sourceTree = "<group>"; };
		137DA6591E6AEA2E00CCEB17 /* RootViewController.h */ = {isa = PBXFileReference; fileEncoding = 4; lastKnownFileType = sourcecode.c.h; path = RootViewController.h; sourceTree = "<group>"; };
		137DA65A1E6AEA2E00CCEB17 /* RootViewController.m */ = {isa = PBXFileReference; fileEncoding = 4; lastKnownFileType = sourcecode.c.objc; path = RootViewController.m; sourceTree = "<group>"; };
		137DA65B1E6AEA2E00CCEB17 /* RootViewController.xib */ = {isa = PBXFileReference; fileEncoding = 4; lastKnownFileType = file.xib; path = RootViewController.xib; sourceTree = "<group>"; };
		137DA65E1E6AF24100CCEB17 /* ExchangeIMPViewController.h */ = {isa = PBXFileReference; fileEncoding = 4; lastKnownFileType = sourcecode.c.h; path = ExchangeIMPViewController.h; sourceTree = "<group>"; };
		137DA65F1E6AF24100CCEB17 /* ExchangeIMPViewController.m */ = {isa = PBXFileReference; fileEncoding = 4; lastKnownFileType = sourcecode.c.objc; path = ExchangeIMPViewController.m; sourceTree = "<group>"; };
		137DA6601E6AF24100CCEB17 /* ExchangeIMPViewController.xib */ = {isa = PBXFileReference; fileEncoding = 4; lastKnownFileType = file.xib; path = ExchangeIMPViewController.xib; sourceTree = "<group>"; };
		137DA6681E6AFE0500CCEB17 /* UIView+Associated.h */ = {isa = PBXFileReference; fileEncoding = 4; lastKnownFileType = sourcecode.c.h; path = "UIView+Associated.h"; sourceTree = "<group>"; };
		137DA6691E6AFE0500CCEB17 /* UIView+Associated.m */ = {isa = PBXFileReference; fileEncoding = 4; lastKnownFileType = sourcecode.c.objc; path = "UIView+Associated.m"; sourceTree = "<group>"; };
		137DA66B1E6B0CF300CCEB17 /* AssociatedViewController.h */ = {isa = PBXFileReference; fileEncoding = 4; lastKnownFileType = sourcecode.c.h; path = AssociatedViewController.h; sourceTree = "<group>"; };
		137DA66C1E6B0CF300CCEB17 /* AssociatedViewController.m */ = {isa = PBXFileReference; fileEncoding = 4; lastKnownFileType = sourcecode.c.objc; path = AssociatedViewController.m; sourceTree = "<group>"; };
		137DA66D1E6B0CF300CCEB17 /* AssociatedViewController.xib */ = {isa = PBXFileReference; fileEncoding = 4; lastKnownFileType = file.xib; path = AssociatedViewController.xib; sourceTree = "<group>"; };
/* End PBXFileReference section */

/* Begin PBXFrameworksBuildPhase section */
		137DA6371E6AE9D700CCEB17 /* Frameworks */ = {
			isa = PBXFrameworksBuildPhase;
			buildActionMask = 2147483647;
			files = (
			);
			runOnlyForDeploymentPostprocessing = 0;
		};
/* End PBXFrameworksBuildPhase section */

/* Begin PBXGroup section */
		137DA6311E6AE9D700CCEB17 = {
			isa = PBXGroup;
			children = (
				137DA63C1E6AE9D700CCEB17 /* RunTimeDemo */,
				137DA63B1E6AE9D700CCEB17 /* Products */,
			);
			sourceTree = "<group>";
		};
		137DA63B1E6AE9D700CCEB17 /* Products */ = {
			isa = PBXGroup;
			children = (
				137DA63A1E6AE9D700CCEB17 /* RunTimeDemo.app */,
			);
			name = Products;
			sourceTree = "<group>";
		};
		137DA63C1E6AE9D700CCEB17 /* RunTimeDemo */ = {
			isa = PBXGroup;
			children = (
				137DA6401E6AE9D700CCEB17 /* AppDelegate.h */,
				137DA6411E6AE9D700CCEB17 /* AppDelegate.m */,
				137DA6591E6AEA2E00CCEB17 /* RootViewController.h */,
				137DA65A1E6AEA2E00CCEB17 /* RootViewController.m */,
				137DA65B1E6AEA2E00CCEB17 /* RootViewController.xib */,
				137DA65E1E6AF24100CCEB17 /* ExchangeIMPViewController.h */,
				137DA65F1E6AF24100CCEB17 /* ExchangeIMPViewController.m */,
				137DA6601E6AF24100CCEB17 /* ExchangeIMPViewController.xib */,
				137DA6681E6AFE0500CCEB17 /* UIView+Associated.h */,
				137DA6691E6AFE0500CCEB17 /* UIView+Associated.m */,
				137DA66B1E6B0CF300CCEB17 /* AssociatedViewController.h */,
				137DA66C1E6B0CF300CCEB17 /* AssociatedViewController.m */,
				137DA66D1E6B0CF300CCEB17 /* AssociatedViewController.xib */,
				137DA6491E6AE9D700CCEB17 /* Assets.xcassets */,
				137DA64B1E6AE9D700CCEB17 /* LaunchScreen.storyboard */,
				137DA64E1E6AE9D700CCEB17 /* Info.plist */,
				137DA63D1E6AE9D700CCEB17 /* Supporting Files */,
			);
			path = RunTimeDemo;
			sourceTree = "<group>";
		};
		137DA63D1E6AE9D700CCEB17 /* Supporting Files */ = {
			isa = PBXGroup;
			children = (
				137DA63E1E6AE9D700CCEB17 /* main.m */,
			);
			name = "Supporting Files";
			sourceTree = "<group>";
		};
/* End PBXGroup section */

/* Begin PBXNativeTarget section */
		137DA6391E6AE9D700CCEB17 /* RunTimeDemo */ = {
			isa = PBXNativeTarget;
			buildConfigurationList = 137DA6511E6AE9D700CCEB17 /* Build configuration list for PBXNativeTarget "RunTimeDemo" */;
			buildPhases = (
				137DA6361E6AE9D700CCEB17 /* Sources */,
				137DA6371E6AE9D700CCEB17 /* Frameworks */,
				137DA6381E6AE9D700CCEB17 /* Resources */,
			);
			buildRules = (
			);
			dependencies = (
			);
			name = RunTimeDemo;
			productName = RunTimeDemo;
			productReference = 137DA63A1E6AE9D700CCEB17 /* RunTimeDemo.app */;
			productType = "com.apple.product-type.application";
		};
/* End PBXNativeTarget section */

/* Begin PBXProject section */
		137DA6321E6AE9D700CCEB17 /* Project object */ = {
			isa = PBXProject;
			attributes = {
				LastUpgradeCheck = 0820;
				ORGANIZATIONNAME = "HT-SOFT";
				TargetAttributes = {
					137DA6391E6AE9D700CCEB17 = {
						CreatedOnToolsVersion = 7.3;
					};
				};
			};
			buildConfigurationList = 137DA6351E6AE9D700CCEB17 /* Build configuration list for PBXProject "RunTimeDemo" */;
			compatibilityVersion = "Xcode 3.2";
			developmentRegion = English;
			hasScannedForEncodings = 0;
			knownRegions = (
				en,
				Base,
			);
			mainGroup = 137DA6311E6AE9D700CCEB17;
			productRefGroup = 137DA63B1E6AE9D700CCEB17 /* Products */;
			projectDirPath = "";
			projectRoot = "";
			targets = (
				137DA6391E6AE9D700CCEB17 /* RunTimeDemo */,
			);
		};
/* End PBXProject section */

/* Begin PBXResourcesBuildPhase section */
		137DA6381E6AE9D700CCEB17 /* Resources */ = {
			isa = PBXResourcesBuildPhase;
			buildActionMask = 2147483647;
			files = (
				137DA64D1E6AE9D700CCEB17 /* LaunchScreen.storyboard in Resources */,
				137DA64A1E6AE9D700CCEB17 /* Assets.xcassets in Resources */,
				137DA6621E6AF24100CCEB17 /* ExchangeIMPViewController.xib in Resources */,
				137DA66F1E6B0CF300CCEB17 /* AssociatedViewController.xib in Resources */,
				137DA65D1E6AEA2E00CCEB17 /* RootViewController.xib in Resources */,
			);
			runOnlyForDeploymentPostprocessing = 0;
		};
/* End PBXResourcesBuildPhase section */

/* Begin PBXSourcesBuildPhase section */
		137DA6361E6AE9D700CCEB17 /* Sources */ = {
			isa = PBXSourcesBuildPhase;
			buildActionMask = 2147483647;
			files = (
				137DA6421E6AE9D700CCEB17 /* AppDelegate.m in Sources */,
				137DA63F1E6AE9D700CCEB17 /* main.m in Sources */,
				137DA66E1E6B0CF300CCEB17 /* AssociatedViewController.m in Sources */,
				137DA66A1E6AFE0500CCEB17 /* UIView+Associated.m in Sources */,
				137DA6611E6AF24100CCEB17 /* ExchangeIMPViewController.m in Sources */,
				137DA65C1E6AEA2E00CCEB17 /* RootViewController.m in Sources */,
			);
			runOnlyForDeploymentPostprocessing = 0;
		};
/* End PBXSourcesBuildPhase section */

/* Begin PBXVariantGroup section */
		137DA64B1E6AE9D700CCEB17 /* LaunchScreen.storyboard */ = {
			isa = PBXVariantGroup;
			children = (
				137DA64C1E6AE9D700CCEB17 /* Base */,
			);
			name = LaunchScreen.storyboard;
			sourceTree = "<group>";
		};
/* End PBXVariantGroup section */

/* Begin XCBuildConfiguration section */
		137DA64F1E6AE9D700CCEB17 /* Debug */ = {
			isa = XCBuildConfiguration;
			buildSettings = {
				ALWAYS_SEARCH_USER_PATHS = NO;
				CLANG_ANALYZER_NONNULL = YES;
				CLANG_CXX_LANGUAGE_STANDARD = "gnu++0x";
				CLANG_CXX_LIBRARY = "libc++";
				CLANG_ENABLE_MODULES = YES;
				CLANG_ENABLE_OBJC_ARC = YES;
				CLANG_WARN_BOOL_CONVERSION = YES;
				CLANG_WARN_CONSTANT_CONVERSION = YES;
				CLANG_WARN_DIRECT_OBJC_ISA_USAGE = YES_ERROR;
				CLANG_WARN_EMPTY_BODY = YES;
				CLANG_WARN_ENUM_CONVERSION = YES;
				CLANG_WARN_INFINITE_RECURSION = YES;
				CLANG_WARN_INT_CONVERSION = YES;
				CLANG_WARN_OBJC_ROOT_CLASS = YES_ERROR;
				CLANG_WARN_SUSPICIOUS_MOVE = YES;
				CLANG_WARN_UNREACHABLE_CODE = YES;
				CLANG_WARN__DUPLICATE_METHOD_MATCH = YES;
				"CODE_SIGN_IDENTITY[sdk=iphoneos*]" = "iPhone Developer";
				COPY_PHASE_STRIP = NO;
				DEBUG_INFORMATION_FORMAT = dwarf;
				ENABLE_STRICT_OBJC_MSGSEND = YES;
				ENABLE_TESTABILITY = YES;
				GCC_C_LANGUAGE_STANDARD = gnu99;
				GCC_DYNAMIC_NO_PIC = NO;
				GCC_NO_COMMON_BLOCKS = YES;
				GCC_OPTIMIZATION_LEVEL = 0;
				GCC_PREPROCESSOR_DEFINITIONS = (
					"DEBUG=1",
					"$(inherited)",
				);
				GCC_WARN_64_TO_32_BIT_CONVERSION = YES;
				GCC_WARN_ABOUT_RETURN_TYPE = YES_ERROR;
				GCC_WARN_UNDECLARED_SELECTOR = YES;
				GCC_WARN_UNINITIALIZED_AUTOS = YES_AGGRESSIVE;
				GCC_WARN_UNUSED_FUNCTION = YES;
				GCC_WARN_UNUSED_VARIABLE = YES;
				IPHONEOS_DEPLOYMENT_TARGET = 9.3;
				MTL_ENABLE_DEBUG_INFO = YES;
				ONLY_ACTIVE_ARCH = YES;
				SDKROOT = iphoneos;
			};
			name = Debug;
		};
		137DA6501E6AE9D700CCEB17 /* Release */ = {
			isa = XCBuildConfiguration;
			buildSettings = {
				ALWAYS_SEARCH_USER_PATHS = NO;
				CLANG_ANALYZER_NONNULL = YES;
				CLANG_CXX_LANGUAGE_STANDARD = "gnu++0x";
				CLANG_CXX_LIBRARY = "libc++";
				CLANG_ENABLE_MODULES = YES;
				CLANG_ENABLE_OBJC_ARC = YES;
				CLANG_WARN_BOOL_CONVERSION = YES;
				CLANG_WARN_CONSTANT_CONVERSION = YES;
				CLANG_WARN_DIRECT_OBJC_ISA_USAGE = YES_ERROR;
				CLANG_WARN_EMPTY_BODY = YES;
				CLANG_WARN_ENUM_CONVERSION = YES;
				CLANG_WARN_INFINITE_RECURSION = YES;
				CLANG_WARN_INT_CONVERSION = YES;
				CLANG_WARN_OBJC_ROOT_CLASS = YES_ERROR;
				CLANG_WARN_SUSPICIOUS_MOVE = YES;
				CLANG_WARN_UNREACHABLE_CODE = YES;
				CLANG_WARN__DUPLICATE_METHOD_MATCH = YES;
				"CODE_SIGN_IDENTITY[sdk=iphoneos*]" = "iPhone Developer";
				COPY_PHASE_STRIP = NO;
				DEBUG_INFORMATION_FORMAT = "dwarf-with-dsym";
				ENABLE_NS_ASSERTIONS = NO;
				ENABLE_STRICT_OBJC_MSGSEND = YES;
				GCC_C_LANGUAGE_STANDARD = gnu99;
				GCC_NO_COMMON_BLOCKS = YES;
				GCC_WARN_64_TO_32_BIT_CONVERSION = YES;
				GCC_WARN_ABOUT_RETURN_TYPE = YES_ERROR;
				GCC_WARN_UNDECLARED_SELECTOR = YES;
				GCC_WARN_UNINITIALIZED_AUTOS = YES_AGGRESSIVE;
				GCC_WARN_UNUSED_FUNCTION = YES;
				GCC_WARN_UNUSED_VARIABLE = YES;
				IPHONEOS_DEPLOYMENT_TARGET = 9.3;
				MTL_ENABLE_DEBUG_INFO = NO;
				SDKROOT = iphoneos;
				VALIDATE_PRODUCT = YES;
			};
			name = Release;
		};
		137DA6521E6AE9D700CCEB17 /* Debug */ = {
			isa = XCBuildConfiguration;
			buildSettings = {
				ASSETCATALOG_COMPILER_APPICON_NAME = AppIcon;
				INFOPLIST_FILE = RunTimeDemo/Info.plist;
				LD_RUNPATH_SEARCH_PATHS = "$(inherited) @executable_path/Frameworks";
				PRODUCT_BUNDLE_IDENTIFIER = "ht-soft.RunTimeDemo";
				PRODUCT_NAME = "$(TARGET_NAME)";
			};
			name = Debug;
		};
		137DA6531E6AE9D700CCEB17 /* Release */ = {
			isa = XCBuildConfiguration;
			buildSettings = {
				ASSETCATALOG_COMPILER_APPICON_NAME = AppIcon;
				INFOPLIST_FILE = RunTimeDemo/Info.plist;
				LD_RUNPATH_SEARCH_PATHS = "$(inherited) @executable_path/Frameworks";
				PRODUCT_BUNDLE_IDENTIFIER = "ht-soft.RunTimeDemo";
				PRODUCT_NAME = "$(TARGET_NAME)";
			};
			name = Release;
		};
/* End XCBuildConfiguration section */

/* Begin XCConfigurationList section */
		137DA6351E6AE9D700CCEB17 /* Build configuration list for PBXProject "RunTimeDemo" */ = {
			isa = XCConfigurationList;
			buildConfigurations = (
				137DA64F1E6AE9D700CCEB17 /* Debug */,
				137DA6501E6AE9D700CCEB17 /* Release */,
			);
			defaultConfigurationIsVisible = 0;
			defaultConfigurationName = Release;
		};
		137DA6511E6AE9D700CCEB17 /* Build configuration list for PBXNativeTarget "RunTimeDemo" */ = {
			isa = XCConfigurationList;
			buildConfigurations = (
				137DA6521E6AE9D700CCEB17 /* Debug */,
				137DA6531E6AE9D700CCEB17 /* Release */,
			);
			defaultConfigurationIsVisible = 0;
			defaultConfigurationName = Release;
		};
/* End XCConfigurationList section */
	};
	rootObject = 137DA6321E6AE9D700CCEB17 /* Project object */;
}
